{
    "_meta": {
        "hash": {
            "sha256": "7dfdbaec73c8c1beacee0be8ff23db095c63bbf3fa3a2f5fda91289c1a8c13ad"
        },
        "pipfile-spec": 6,
        "requires": {
            "python_version": "3.5"
        },
        "sources": [
            {
                "name": "pypi",
                "url": "https://pypi.org/simple",
                "verify_ssl": true
            }
        ]
    },
    "default": {
        "click": {
            "hashes": [
                "sha256:2335065e6395b9e67ca716de5f7526736bfa6ceead690adf616d925bdc622b13",
                "sha256:5b94b49521f6456670fdb30cd82a4eca9412788a93fa6dd6df72c94d5a8ff2d7"
            ],
            "index": "pypi",
            "version": "==7.0"
        },
        "pigpio": {
            "hashes": [
                "sha256:274fc6df10a787e6a34b748a61a142f38dbf812b386f5b1762c66ad6a67b7873",
                "sha256:30b48583991008773aff73d784976884584a868e78936ca64689b1f298160c2e"
            ],
            "index": "pypi",
            "version": "==1.42"
        }
    },
    "develop": {}
}
